
Microsoft Visual Studio Solution File, Format Version 12.00
# Visual Studio Version 17
VisualStudioVersion = 17.14.36518.9 d17.14
MinimumVisualStudioVersion = 10.0.40219.1
Project("{FAE04EC0-301F-11D3-BF4B-00C04F79EFBC}") = "TechnicalTask.API", "TechnicalTask.API\TechnicalTask.API.csproj", "{393B44CE-7063-4A65-A968-758DC957AE46}"
EndProject
Project("{FAE04EC0-301F-11D3-BF4B-00C04F79EFBC}") = "TechnicalTask.DataAccess", "TechnicalTask.DataAccess\TechnicalTask.DataAccess.csproj", "{AEC858AE-1B9D-42DD-8AC9-1064F19A1B9C}"
EndProject
Project("{FAE04EC0-301F-11D3-BF4B-00C04F79EFBC}") = "TechnicalTask.BusinessLogic", "TechnicalTask.BusinessLogic\TechnicalTask.BusinessLogic.csproj", "{8E6F35D4-62A7-414A-BA6C-A29D26BC8D03}"
EndProject
Global
	GlobalSection(SolutionConfigurationPlatforms) = preSolution
		Debug|Any CPU = Debug|Any CPU
		Release|Any CPU = Release|Any CPU
	EndGlobalSection
	GlobalSection(ProjectConfigurationPlatforms) = postSolution
		{393B44CE-7063-4A65-A968-758DC957AE46}.Debug|Any CPU.ActiveCfg = Debug|Any CPU
		{393B44CE-7063-4A65-A968-758DC957AE46}.Debug|Any CPU.Build.0 = Debug|Any CPU
		{393B44CE-7063-4A65-A968-758DC957AE46}.Release|Any CPU.ActiveCfg = Release|Any CPU
		{393B44CE-7063-4A65-A968-758DC957AE46}.Release|Any CPU.Build.0 = Release|Any CPU
		{AEC858AE-1B9D-42DD-8AC9-1064F19A1B9C}.Debug|Any CPU.ActiveCfg = Debug|Any CPU
		{AEC858AE-1B9D-42DD-8AC9-1064F19A1B9C}.Debug|Any CPU.Build.0 = Debug|Any CPU
		{AEC858AE-1B9D-42DD-8AC9-1064F19A1B9C}.Release|Any CPU.ActiveCfg = Release|Any CPU
		{AEC858AE-1B9D-42DD-8AC9-1064F19A1B9C}.Release|Any CPU.Build.0 = Release|Any CPU
		{8E6F35D4-62A7-414A-BA6C-A29D26BC8D03}.Debug|Any CPU.ActiveCfg = Debug|Any CPU
		{8E6F35D4-62A7-414A-BA6C-A29D26BC8D03}.Debug|Any CPU.Build.0 = Debug|Any CPU
		{8E6F35D4-62A7-414A-BA6C-A29D26BC8D03}.Release|Any CPU.ActiveCfg = Release|Any CPU
		{8E6F35D4-62A7-414A-BA6C-A29D26BC8D03}.Release|Any CPU.Build.0 = Release|Any CPU
	EndGlobalSection
	GlobalSection(SolutionProperties) = preSolution
		HideSolutionNode = FALSE
	EndGlobalSection
	GlobalSection(ExtensibilityGlobals) = postSolution
		SolutionGuid = {CB25D4DD-0F46-426B-BEA9-6747C3E49CB7}
	EndGlobalSection
EndGlobal
